{
  "name": "ajs-platforms-2",
  "version": "1.0.0",
  "lockfileVersion": 1,
  "requires": true,
  "dependencies": {
    "@kmkiseleva/ajs-platforms": {
      "version": "1.0.0",
      "resolved": "https://npm.pkg.github.com/download/@kmkiseleva/ajs-platforms/1.0.0/994dc73d02653a3f692a6f62f586bbb841d5902d8a881f34c407cadbc4a0b4dc",
      "integrity": "sha512-o0p9qG2X5DxoQe0VvvHxvyGIAPTVEj5LtPOJugHLo6IS3BAQw3ooeyAvyHpmuLXga6wODGXjX0M60JnBiCzLew=="
    }
  }
}
